
Microsoft Visual Studio Solution File, Format Version 12.00
# Visual Studio Version 17
VisualStudioVersion = 17.0.31903.59
MinimumVisualStudioVersion = 10.0.40219.1
Project("{2150E333-8FDC-42A3-9474-1A3956D46DE8}") = "frontend", "frontend", "{221E26E1-80F9-4A04-A54C-64AE90B3AD99}"
EndProject
Project("{2150E333-8FDC-42A3-9474-1A3956D46DE8}") = "frontend", "frontend", "{F5F8B94C-CCC4-47BE-B743-04C9C94B7515}"
EndProject
Project("{FAE04EC0-301F-11D3-BF4B-00C04F79EFBC}") = "Taskify.Frontend", "frontend\Taskify.Frontend\Taskify.Frontend.csproj", "{2FE852FB-3F68-47D9-B957-E8D31CD42481}"
EndProject
Project("{2150E333-8FDC-42A3-9474-1A3956D46DE8}") = "backend", "backend", "{3BA35992-90A8-40D8-BFAB-F322313F8BA9}"
EndProject
Project("{FAE04EC0-301F-11D3-BF4B-00C04F79EFBC}") = "Taskify.Backend", "backend\Taskify.Backend\Taskify.Backend.csproj", "{BF2D387F-2283-44F8-B3E0-8CDE7973325F}"
EndProject
Global
	GlobalSection(SolutionConfigurationPlatforms) = preSolution
		Debug|Any CPU = Debug|Any CPU
		Release|Any CPU = Release|Any CPU
	EndGlobalSection
	GlobalSection(SolutionProperties) = preSolution
		HideSolutionNode = FALSE
	EndGlobalSection
	GlobalSection(ProjectConfigurationPlatforms) = postSolution
		{2FE852FB-3F68-47D9-B957-E8D31CD42481}.Debug|Any CPU.ActiveCfg = Debug|Any CPU
		{2FE852FB-3F68-47D9-B957-E8D31CD42481}.Debug|Any CPU.Build.0 = Debug|Any CPU
		{2FE852FB-3F68-47D9-B957-E8D31CD42481}.Release|Any CPU.ActiveCfg = Release|Any CPU
		{2FE852FB-3F68-47D9-B957-E8D31CD42481}.Release|Any CPU.Build.0 = Release|Any CPU
		{BF2D387F-2283-44F8-B3E0-8CDE7973325F}.Debug|Any CPU.ActiveCfg = Debug|Any CPU
		{BF2D387F-2283-44F8-B3E0-8CDE7973325F}.Debug|Any CPU.Build.0 = Debug|Any CPU
		{BF2D387F-2283-44F8-B3E0-8CDE7973325F}.Release|Any CPU.ActiveCfg = Release|Any CPU
		{BF2D387F-2283-44F8-B3E0-8CDE7973325F}.Release|Any CPU.Build.0 = Release|Any CPU
	EndGlobalSection
	GlobalSection(NestedProjects) = preSolution
		{F5F8B94C-CCC4-47BE-B743-04C9C94B7515} = {221E26E1-80F9-4A04-A54C-64AE90B3AD99}
		{2FE852FB-3F68-47D9-B957-E8D31CD42481} = {F5F8B94C-CCC4-47BE-B743-04C9C94B7515}
		{BF2D387F-2283-44F8-B3E0-8CDE7973325F} = {3BA35992-90A8-40D8-BFAB-F322313F8BA9}
	EndGlobalSection
EndGlobal
